
Microsoft Visual Studio Solution File, Format Version 12.00
# Visual Studio 14
VisualStudioVersion = 14.0.25123.0
MinimumVisualStudioVersion = 10.0.40219.1
Project("{F184B08F-C81C-45F6-A57F-5ABD9991F28F}") = "Wapi", "Wapi\Wapi.vbproj", "{BDBC86C0-4664-4BEC-8EF3-90E4C1BFB06E}"
EndProject
Project("{F184B08F-C81C-45F6-A57F-5ABD9991F28F}") = "UI", "UI\UI.vbproj", "{2E495771-61C1-4F7D-9636-F949BACB655D}"
EndProject
Project("{F184B08F-C81C-45F6-A57F-5ABD9991F28F}") = "HermesService", "HermesService\HermesService.vbproj", "{943BA4E8-C605-454B-AF40-F56FCA2D904F}"
EndProject
Project("{00D1A9C2-B5F0-4AF3-8072-F6C62B433612}") = "DB", "DB\DB.sqlproj", "{33B86F7B-D1CF-4853-B76C-B4EC7DCA69E5}"
EndProject
Project("{F184B08F-C81C-45F6-A57F-5ABD9991F28F}") = "HermesService.test", "HermesService.test\HermesService.test.vbproj", "{FD2166C8-33B4-4FC9-AC48-55ABEB5864ED}"
EndProject
Project("{F184B08F-C81C-45F6-A57F-5ABD9991F28F}") = "HermesFramework", "HermesFramework\HermesFramework.vbproj", "{0E7E3890-7EBB-4245-9C24-D566F4DA658E}"
EndProject
Project("{F184B08F-C81C-45F6-A57F-5ABD9991F28F}") = "SystemLibrary", "SystemLibrary\SystemLibrary.vbproj", "{EB6481AF-8426-48DB-9256-8E1A4636F088}"
EndProject
Global
	GlobalSection(SolutionConfigurationPlatforms) = preSolution
		Debug|Any CPU = Debug|Any CPU
		Home|Any CPU = Home|Any CPU
		Release|Any CPU = Release|Any CPU
		Work|Any CPU = Work|Any CPU
	EndGlobalSection
	GlobalSection(ProjectConfigurationPlatforms) = postSolution
		{BDBC86C0-4664-4BEC-8EF3-90E4C1BFB06E}.Debug|Any CPU.ActiveCfg = Debug|Any CPU
		{BDBC86C0-4664-4BEC-8EF3-90E4C1BFB06E}.Debug|Any CPU.Build.0 = Debug|Any CPU
		{BDBC86C0-4664-4BEC-8EF3-90E4C1BFB06E}.Home|Any CPU.ActiveCfg = Release|Any CPU
		{BDBC86C0-4664-4BEC-8EF3-90E4C1BFB06E}.Home|Any CPU.Build.0 = Release|Any CPU
		{BDBC86C0-4664-4BEC-8EF3-90E4C1BFB06E}.Release|Any CPU.ActiveCfg = Release|Any CPU
		{BDBC86C0-4664-4BEC-8EF3-90E4C1BFB06E}.Release|Any CPU.Build.0 = Release|Any CPU
		{BDBC86C0-4664-4BEC-8EF3-90E4C1BFB06E}.Work|Any CPU.ActiveCfg = Release|Any CPU
		{BDBC86C0-4664-4BEC-8EF3-90E4C1BFB06E}.Work|Any CPU.Build.0 = Release|Any CPU
		{2E495771-61C1-4F7D-9636-F949BACB655D}.Debug|Any CPU.ActiveCfg = Debug|Any CPU
		{2E495771-61C1-4F7D-9636-F949BACB655D}.Debug|Any CPU.Build.0 = Debug|Any CPU
		{2E495771-61C1-4F7D-9636-F949BACB655D}.Home|Any CPU.ActiveCfg = Release|Any CPU
		{2E495771-61C1-4F7D-9636-F949BACB655D}.Home|Any CPU.Build.0 = Release|Any CPU
		{2E495771-61C1-4F7D-9636-F949BACB655D}.Release|Any CPU.ActiveCfg = Release|Any CPU
		{2E495771-61C1-4F7D-9636-F949BACB655D}.Release|Any CPU.Build.0 = Release|Any CPU
		{2E495771-61C1-4F7D-9636-F949BACB655D}.Work|Any CPU.ActiveCfg = Release|Any CPU
		{2E495771-61C1-4F7D-9636-F949BACB655D}.Work|Any CPU.Build.0 = Release|Any CPU
		{943BA4E8-C605-454B-AF40-F56FCA2D904F}.Debug|Any CPU.ActiveCfg = Debug|Any CPU
		{943BA4E8-C605-454B-AF40-F56FCA2D904F}.Debug|Any CPU.Build.0 = Debug|Any CPU
		{943BA4E8-C605-454B-AF40-F56FCA2D904F}.Home|Any CPU.ActiveCfg = Release|Any CPU
		{943BA4E8-C605-454B-AF40-F56FCA2D904F}.Home|Any CPU.Build.0 = Release|Any CPU
		{943BA4E8-C605-454B-AF40-F56FCA2D904F}.Release|Any CPU.ActiveCfg = Release|Any CPU
		{943BA4E8-C605-454B-AF40-F56FCA2D904F}.Release|Any CPU.Build.0 = Release|Any CPU
		{943BA4E8-C605-454B-AF40-F56FCA2D904F}.Work|Any CPU.ActiveCfg = Release|Any CPU
		{943BA4E8-C605-454B-AF40-F56FCA2D904F}.Work|Any CPU.Build.0 = Release|Any CPU
		{33B86F7B-D1CF-4853-B76C-B4EC7DCA69E5}.Debug|Any CPU.ActiveCfg = Debug|Any CPU
		{33B86F7B-D1CF-4853-B76C-B4EC7DCA69E5}.Debug|Any CPU.Build.0 = Debug|Any CPU
		{33B86F7B-D1CF-4853-B76C-B4EC7DCA69E5}.Debug|Any CPU.Deploy.0 = Debug|Any CPU
		{33B86F7B-D1CF-4853-B76C-B4EC7DCA69E5}.Home|Any CPU.ActiveCfg = Release|Any CPU
		{33B86F7B-D1CF-4853-B76C-B4EC7DCA69E5}.Home|Any CPU.Build.0 = Release|Any CPU
		{33B86F7B-D1CF-4853-B76C-B4EC7DCA69E5}.Home|Any CPU.Deploy.0 = Release|Any CPU
		{33B86F7B-D1CF-4853-B76C-B4EC7DCA69E5}.Release|Any CPU.ActiveCfg = Release|Any CPU
		{33B86F7B-D1CF-4853-B76C-B4EC7DCA69E5}.Release|Any CPU.Build.0 = Release|Any CPU
		{33B86F7B-D1CF-4853-B76C-B4EC7DCA69E5}.Release|Any CPU.Deploy.0 = Release|Any CPU
		{33B86F7B-D1CF-4853-B76C-B4EC7DCA69E5}.Work|Any CPU.ActiveCfg = Release|Any CPU
		{33B86F7B-D1CF-4853-B76C-B4EC7DCA69E5}.Work|Any CPU.Build.0 = Release|Any CPU
		{33B86F7B-D1CF-4853-B76C-B4EC7DCA69E5}.Work|Any CPU.Deploy.0 = Release|Any CPU
		{FD2166C8-33B4-4FC9-AC48-55ABEB5864ED}.Debug|Any CPU.ActiveCfg = Debug|Any CPU
		{FD2166C8-33B4-4FC9-AC48-55ABEB5864ED}.Debug|Any CPU.Build.0 = Debug|Any CPU
		{FD2166C8-33B4-4FC9-AC48-55ABEB5864ED}.Home|Any CPU.ActiveCfg = Release|Any CPU
		{FD2166C8-33B4-4FC9-AC48-55ABEB5864ED}.Home|Any CPU.Build.0 = Release|Any CPU
		{FD2166C8-33B4-4FC9-AC48-55ABEB5864ED}.Release|Any CPU.ActiveCfg = Release|Any CPU
		{FD2166C8-33B4-4FC9-AC48-55ABEB5864ED}.Release|Any CPU.Build.0 = Release|Any CPU
		{FD2166C8-33B4-4FC9-AC48-55ABEB5864ED}.Work|Any CPU.ActiveCfg = Release|Any CPU
		{FD2166C8-33B4-4FC9-AC48-55ABEB5864ED}.Work|Any CPU.Build.0 = Release|Any CPU
		{0E7E3890-7EBB-4245-9C24-D566F4DA658E}.Debug|Any CPU.ActiveCfg = Debug|Any CPU
		{0E7E3890-7EBB-4245-9C24-D566F4DA658E}.Debug|Any CPU.Build.0 = Debug|Any CPU
		{0E7E3890-7EBB-4245-9C24-D566F4DA658E}.Home|Any CPU.ActiveCfg = Release|Any CPU
		{0E7E3890-7EBB-4245-9C24-D566F4DA658E}.Home|Any CPU.Build.0 = Release|Any CPU
		{0E7E3890-7EBB-4245-9C24-D566F4DA658E}.Release|Any CPU.ActiveCfg = Release|Any CPU
		{0E7E3890-7EBB-4245-9C24-D566F4DA658E}.Release|Any CPU.Build.0 = Release|Any CPU
		{0E7E3890-7EBB-4245-9C24-D566F4DA658E}.Work|Any CPU.ActiveCfg = Release|Any CPU
		{0E7E3890-7EBB-4245-9C24-D566F4DA658E}.Work|Any CPU.Build.0 = Release|Any CPU
		{EB6481AF-8426-48DB-9256-8E1A4636F088}.Debug|Any CPU.ActiveCfg = Debug|Any CPU
		{EB6481AF-8426-48DB-9256-8E1A4636F088}.Debug|Any CPU.Build.0 = Debug|Any CPU
		{EB6481AF-8426-48DB-9256-8E1A4636F088}.Home|Any CPU.ActiveCfg = Release|Any CPU
		{EB6481AF-8426-48DB-9256-8E1A4636F088}.Home|Any CPU.Build.0 = Release|Any CPU
		{EB6481AF-8426-48DB-9256-8E1A4636F088}.Release|Any CPU.ActiveCfg = Release|Any CPU
		{EB6481AF-8426-48DB-9256-8E1A4636F088}.Release|Any CPU.Build.0 = Release|Any CPU
		{EB6481AF-8426-48DB-9256-8E1A4636F088}.Work|Any CPU.ActiveCfg = Release|Any CPU
		{EB6481AF-8426-48DB-9256-8E1A4636F088}.Work|Any CPU.Build.0 = Release|Any CPU
	EndGlobalSection
	GlobalSection(SolutionProperties) = preSolution
		HideSolutionNode = FALSE
	EndGlobalSection
EndGlobal
